
Microsoft Visual Studio Solution File, Format Version 12.00
# Visual Studio 15
VisualStudioVersion = 15.0.27130.2027
MinimumVisualStudioVersion = 10.0.40219.1
Project("{8BC9CEB8-8B4A-11D0-8D11-00A0C91BC942}") = "BrokenEngine2D", "BrokenEngine2D\BrokenEngine2D.vcxproj", "{1265E94E-1803-413B-B063-ED0B510B4D25}"
EndProject
Project("{8BC9CEB8-8B4A-11D0-8D11-00A0C91BC942}") = "TestGame", "TestGame\TestGame.vcxproj", "{BE4B69F4-5EE9-4F6B-9D74-B736EE8F2E46}"
EndProject
Project("{8BC9CEB8-8B4A-11D0-8D11-00A0C91BC942}") = "UnitTest", "UnitTest\UnitTest.vcxproj", "{835D23EE-F4D3-4BBD-9973-532BC9E1AF80}"
EndProject
Project("{8BC9CEB8-8B4A-11D0-8D11-00A0C91BC942}") = "TestStateGame", "TestStateGame\TestStateGame.vcxproj", "{AF9CD3A6-2E27-4DC5-8D0E-E4B2CEA11A40}"
EndProject
Global
	GlobalSection(SolutionConfigurationPlatforms) = preSolution
		Debug|x64 = Debug|x64
		Debug|x86 = Debug|x86
		Release|x64 = Release|x64
		Release|x86 = Release|x86
	EndGlobalSection
	GlobalSection(ProjectConfigurationPlatforms) = postSolution
		{1265E94E-1803-413B-B063-ED0B510B4D25}.Debug|x64.ActiveCfg = Debug|x64
		{1265E94E-1803-413B-B063-ED0B510B4D25}.Debug|x64.Build.0 = Debug|x64
		{1265E94E-1803-413B-B063-ED0B510B4D25}.Debug|x86.ActiveCfg = Debug|Win32
		{1265E94E-1803-413B-B063-ED0B510B4D25}.Debug|x86.Build.0 = Debug|Win32
		{1265E94E-1803-413B-B063-ED0B510B4D25}.Release|x64.ActiveCfg = Release|x64
		{1265E94E-1803-413B-B063-ED0B510B4D25}.Release|x64.Build.0 = Release|x64
		{1265E94E-1803-413B-B063-ED0B510B4D25}.Release|x86.ActiveCfg = Release|Win32
		{1265E94E-1803-413B-B063-ED0B510B4D25}.Release|x86.Build.0 = Release|Win32
		{BE4B69F4-5EE9-4F6B-9D74-B736EE8F2E46}.Debug|x64.ActiveCfg = Debug|x64
		{BE4B69F4-5EE9-4F6B-9D74-B736EE8F2E46}.Debug|x64.Build.0 = Debug|x64
		{BE4B69F4-5EE9-4F6B-9D74-B736EE8F2E46}.Debug|x86.ActiveCfg = Debug|Win32
		{BE4B69F4-5EE9-4F6B-9D74-B736EE8F2E46}.Debug|x86.Build.0 = Debug|Win32
		{BE4B69F4-5EE9-4F6B-9D74-B736EE8F2E46}.Release|x64.ActiveCfg = Release|x64
		{BE4B69F4-5EE9-4F6B-9D74-B736EE8F2E46}.Release|x64.Build.0 = Release|x64
		{BE4B69F4-5EE9-4F6B-9D74-B736EE8F2E46}.Release|x86.ActiveCfg = Release|Win32
		{BE4B69F4-5EE9-4F6B-9D74-B736EE8F2E46}.Release|x86.Build.0 = Release|Win32
		{835D23EE-F4D3-4BBD-9973-532BC9E1AF80}.Debug|x64.ActiveCfg = Debug|x64
		{835D23EE-F4D3-4BBD-9973-532BC9E1AF80}.Debug|x64.Build.0 = Debug|x64
		{835D23EE-F4D3-4BBD-9973-532BC9E1AF80}.Debug|x86.ActiveCfg = Debug|Win32
		{835D23EE-F4D3-4BBD-9973-532BC9E1AF80}.Debug|x86.Build.0 = Debug|Win32
		{835D23EE-F4D3-4BBD-9973-532BC9E1AF80}.Release|x64.ActiveCfg = Release|x64
		{835D23EE-F4D3-4BBD-9973-532BC9E1AF80}.Release|x64.Build.0 = Release|x64
		{835D23EE-F4D3-4BBD-9973-532BC9E1AF80}.Release|x86.ActiveCfg = Release|Win32
		{835D23EE-F4D3-4BBD-9973-532BC9E1AF80}.Release|x86.Build.0 = Release|Win32
		{AF9CD3A6-2E27-4DC5-8D0E-E4B2CEA11A40}.Debug|x64.ActiveCfg = Debug|x64
		{AF9CD3A6-2E27-4DC5-8D0E-E4B2CEA11A40}.Debug|x64.Build.0 = Debug|x64
		{AF9CD3A6-2E27-4DC5-8D0E-E4B2CEA11A40}.Debug|x86.ActiveCfg = Debug|Win32
		{AF9CD3A6-2E27-4DC5-8D0E-E4B2CEA11A40}.Debug|x86.Build.0 = Debug|Win32
		{AF9CD3A6-2E27-4DC5-8D0E-E4B2CEA11A40}.Release|x64.ActiveCfg = Release|x64
		{AF9CD3A6-2E27-4DC5-8D0E-E4B2CEA11A40}.Release|x64.Build.0 = Release|x64
		{AF9CD3A6-2E27-4DC5-8D0E-E4B2CEA11A40}.Release|x86.ActiveCfg = Release|Win32
		{AF9CD3A6-2E27-4DC5-8D0E-E4B2CEA11A40}.Release|x86.Build.0 = Release|Win32
	EndGlobalSection
	GlobalSection(SolutionProperties) = preSolution
		HideSolutionNode = FALSE
	EndGlobalSection
	GlobalSection(ExtensibilityGlobals) = postSolution
		SolutionGuid = {1A06F098-4792-4B04-B980-F76C227A7FF6}
	EndGlobalSection
EndGlobal
